// !$*UTF8*$!
{
	archiveVersion = 1;
	classes = {
	};
	objectVersion = 77;
	objects = {

/* Begin PBXBuildFile section */
		0396481B1D8F58F6985B5412 /* SettingsView.swift in Sources */ = {isa = PBXBuildFile; fileRef = 852DDB101F006E8024AAD959 /* SettingsView.swift */; };
		0A5539902838346BC1CC4924 /* MetricsService.swift in Sources */ = {isa = PBXBuildFile; fileRef = 58363E6825D4E0B111A03DFD /* MetricsService.swift */; };
		382F373955DE9A5AC38ACC84 /* UsageData.swift in Sources */ = {isa = PBXBuildFile; fileRef = D200048597B4157291EE1A2F /* UsageData.swift */; };
		502D7CBF94D6EFF980CDC029 /* Security.framework in Frameworks */ = {isa = PBXBuildFile; fileRef = 9C63355792ADD1D751C4F42B /* Security.framework */; };
		641791CDCB279ABBC08D042E /* UsageServiceTests.swift in Sources */ = {isa = PBXBuildFile; fileRef = 1949DB119DBBF5FE0F65D2A4 /* UsageServiceTests.swift */; };
		6D214E56F105333C2AA79C24 /* AppDelegate.swift in Sources */ = {isa = PBXBuildFile; fileRef = 73C3777959157876E1139AF1 /* AppDelegate.swift */; };
		71DAB555D0B8F113180BEA2C /* SettingsManager.swift in Sources */ = {isa = PBXBuildFile; fileRef = B1517703E21CE6FD07CD0FE7 /* SettingsManager.swift */; };
		7DF83E170CC197AA3BF0BCC8 /* MenuBarIcon.swift in Sources */ = {isa = PBXBuildFile; fileRef = 23F3D9F26ACD335A9867053D /* MenuBarIcon.swift */; };
		88B574542640CD9982279FE6 /* StatusService.swift in Sources */ = {isa = PBXBuildFile; fileRef = 7CDA3E43B0AD4B7359CF6C39 /* StatusService.swift */; };
		89FFB0D3ED0AF618E8A94836 /* main.swift in Sources */ = {isa = PBXBuildFile; fileRef = 53CFE271FC0ED6CCD0C70D05 /* main.swift */; };
		A0A38307B0E52D5BAA352F5C /* Assets.xcassets in Resources */ = {isa = PBXBuildFile; fileRef = A9C92B40480B46451A779F3E /* Assets.xcassets */; };
		AE544F59981EFC7528DB706E /* BuildInfo.swift in Sources */ = {isa = PBXBuildFile; fileRef = 0F3A98B4FB00A61798935BF6 /* BuildInfo.swift */; };
		D5901D4A120D88360A14272E /* AppIcon.icns in Resources */ = {isa = PBXBuildFile; fileRef = 41DBB8C43A660F12A6C09B8C /* AppIcon.icns */; };
		D5C6822375FC7952CB358FC6 /* UsageService.swift in Sources */ = {isa = PBXBuildFile; fileRef = 389B96510CE84AF4DA0D39BF /* UsageService.swift */; };
		F228D6812CD9ABAA0B73B62A /* BurnRate.swift in Sources */ = {isa = PBXBuildFile; fileRef = A990F191E512F052132FC6BF /* BurnRate.swift */; };
/* End PBXBuildFile section */

/* Begin PBXContainerItemProxy section */
		2F081D005E7B7538889981FC /* PBXContainerItemProxy */ = {
			isa = PBXContainerItemProxy;
			containerPortal = B0B4750CFDEAACDE9B95B2D3 /* Project object */;
			proxyType = 1;
			remoteGlobalIDString = 3397CFAC27BB77A49A79863C;
			remoteInfo = ClaudeGlance;
		};
/* End PBXContainerItemProxy section */

/* Begin PBXFileReference section */
		0F3A98B4FB00A61798935BF6 /* BuildInfo.swift */ = {isa = PBXFileReference; lastKnownFileType = sourcecode.swift; path = BuildInfo.swift; sourceTree = "<group>"; };
		1949DB119DBBF5FE0F65D2A4 /* UsageServiceTests.swift */ = {isa = PBXFileReference; lastKnownFileType = sourcecode.swift; path = UsageServiceTests.swift; sourceTree = "<group>"; };
		23F3D9F26ACD335A9867053D /* MenuBarIcon.swift */ = {isa = PBXFileReference; lastKnownFileType = sourcecode.swift; path = MenuBarIcon.swift; sourceTree = "<group>"; };
		389B96510CE84AF4DA0D39BF /* UsageService.swift */ = {isa = PBXFileReference; lastKnownFileType = sourcecode.swift; path = UsageService.swift; sourceTree = "<group>"; };
		41DBB8C43A660F12A6C09B8C /* AppIcon.icns */ = {isa = PBXFileReference; lastKnownFileType = image.icns; path = AppIcon.icns; sourceTree = "<group>"; };
		53CFE271FC0ED6CCD0C70D05 /* main.swift */ = {isa = PBXFileReference; lastKnownFileType = sourcecode.swift; path = main.swift; sourceTree = "<group>"; };
		58363E6825D4E0B111A03DFD /* MetricsService.swift */ = {isa = PBXFileReference; lastKnownFileType = sourcecode.swift; path = MetricsService.swift; sourceTree = "<group>"; };
		73C3777959157876E1139AF1 /* AppDelegate.swift */ = {isa = PBXFileReference; lastKnownFileType = sourcecode.swift; path = AppDelegate.swift; sourceTree = "<group>"; };
		7774E9F94623765B11979F07 /* ClaudeGlance.app */ = {isa = PBXFileReference; explicitFileType = wrapper.application; includeInIndex = 0; path = ClaudeGlance.app; sourceTree = BUILT_PRODUCTS_DIR; };
		7CDA3E43B0AD4B7359CF6C39 /* StatusService.swift */ = {isa = PBXFileReference; lastKnownFileType = sourcecode.swift; path = StatusService.swift; sourceTree = "<group>"; };
		852DDB101F006E8024AAD959 /* SettingsView.swift */ = {isa = PBXFileReference; lastKnownFileType = sourcecode.swift; path = SettingsView.swift; sourceTree = "<group>"; };
		8A6BE5A441FF744627D3337B /* ClaudeGlance.entitlements */ = {isa = PBXFileReference; lastKnownFileType = text.plist.entitlements; path = ClaudeGlance.entitlements; sourceTree = "<group>"; };
		902E74C4D3D8F218834C393B /* ClaudeGlanceTests.xctest */ = {isa = PBXFileReference; explicitFileType = wrapper.cfbundle; includeInIndex = 0; path = ClaudeGlanceTests.xctest; sourceTree = BUILT_PRODUCTS_DIR; };
		9C63355792ADD1D751C4F42B /* Security.framework */ = {isa = PBXFileReference; lastKnownFileType = wrapper.framework; name = Security.framework; path = System/Library/Frameworks/Security.framework; sourceTree = SDKROOT; };
		9D9839F56564B16692FADC94 /* Info.plist */ = {isa = PBXFileReference; lastKnownFileType = text.plist; path = Info.plist; sourceTree = "<group>"; };
		A990F191E512F052132FC6BF /* BurnRate.swift */ = {isa = PBXFileReference; lastKnownFileType = sourcecode.swift; path = BurnRate.swift; sourceTree = "<group>"; };
		A9C92B40480B46451A779F3E /* Assets.xcassets */ = {isa = PBXFileReference; lastKnownFileType = folder.assetcatalog; path = Assets.xcassets; sourceTree = "<group>"; };
		B1517703E21CE6FD07CD0FE7 /* SettingsManager.swift */ = {isa = PBXFileReference; lastKnownFileType = sourcecode.swift; path = SettingsManager.swift; sourceTree = "<group>"; };
		D200048597B4157291EE1A2F /* UsageData.swift */ = {isa = PBXFileReference; lastKnownFileType = sourcecode.swift; path = UsageData.swift; sourceTree = "<group>"; };
/* End PBXFileReference section */

/* Begin PBXFrameworksBuildPhase section */
		F2B432E96D73F42ECAECD5C3 /* Frameworks */ = {
			isa = PBXFrameworksBuildPhase;
			buildActionMask = 2147483647;
			files = (
				502D7CBF94D6EFF980CDC029 /* Security.framework in Frameworks */,
			);
			runOnlyForDeploymentPostprocessing = 0;
		};
/* End PBXFrameworksBuildPhase section */

/* Begin PBXGroup section */
		09619C69D8C8BB8B24EF98E4 /* Products */ = {
			isa = PBXGroup;
			children = (
				7774E9F94623765B11979F07 /* ClaudeGlance.app */,
				902E74C4D3D8F218834C393B /* ClaudeGlanceTests.xctest */,
			);
			name = Products;
			sourceTree = "<group>";
		};
		13E29868DC093AB6E28537B0 = {
			isa = PBXGroup;
			children = (
				5A121F2C301F222F9516C1FC /* Resources */,
				48E5140E052124E800278A9C /* Sources */,
				E6DB70BE103B4934B0ABABD9 /* Tests */,
				BDC679468BC21A4D4B8310D7 /* Frameworks */,
				09619C69D8C8BB8B24EF98E4 /* Products */,
			);
			sourceTree = "<group>";
		};
		48E5140E052124E800278A9C /* Sources */ = {
			isa = PBXGroup;
			children = (
				73C3777959157876E1139AF1 /* AppDelegate.swift */,
				0F3A98B4FB00A61798935BF6 /* BuildInfo.swift */,
				A990F191E512F052132FC6BF /* BurnRate.swift */,
				53CFE271FC0ED6CCD0C70D05 /* main.swift */,
				23F3D9F26ACD335A9867053D /* MenuBarIcon.swift */,
				58363E6825D4E0B111A03DFD /* MetricsService.swift */,
				B1517703E21CE6FD07CD0FE7 /* SettingsManager.swift */,
				852DDB101F006E8024AAD959 /* SettingsView.swift */,
				7CDA3E43B0AD4B7359CF6C39 /* StatusService.swift */,
				D200048597B4157291EE1A2F /* UsageData.swift */,
				389B96510CE84AF4DA0D39BF /* UsageService.swift */,
			);
			path = Sources;
			sourceTree = "<group>";
		};
		5A121F2C301F222F9516C1FC /* Resources */ = {
			isa = PBXGroup;
			children = (
				41DBB8C43A660F12A6C09B8C /* AppIcon.icns */,
				A9C92B40480B46451A779F3E /* Assets.xcassets */,
				8A6BE5A441FF744627D3337B /* ClaudeGlance.entitlements */,
				9D9839F56564B16692FADC94 /* Info.plist */,
			);
			path = Resources;
			sourceTree = "<group>";
		};
		BDC679468BC21A4D4B8310D7 /* Frameworks */ = {
			isa = PBXGroup;
			children = (
				9C63355792ADD1D751C4F42B /* Security.framework */,
			);
			name = Frameworks;
			sourceTree = "<group>";
		};
		E6DB70BE103B4934B0ABABD9 /* Tests */ = {
			isa = PBXGroup;
			children = (
				1949DB119DBBF5FE0F65D2A4 /* UsageServiceTests.swift */,
			);
			path = Tests;
			sourceTree = "<group>";
		};
/* End PBXGroup section */

/* Begin PBXNativeTarget section */
		3397CFAC27BB77A49A79863C /* ClaudeGlance */ = {
			isa = PBXNativeTarget;
			buildConfigurationList = A084F81E0D6C19E8A800FEDF /* Build configuration list for PBXNativeTarget "ClaudeGlance" */;
			buildPhases = (
				75AF6AFCD830423E6C1C7D2B /* Sources */,
				34848DE16B09545EF4C6FE61 /* Resources */,
				F2B432E96D73F42ECAECD5C3 /* Frameworks */,
			);
			buildRules = (
			);
			dependencies = (
			);
			name = ClaudeGlance;
			packageProductDependencies = (
			);
			productName = ClaudeGlance;
			productReference = 7774E9F94623765B11979F07 /* ClaudeGlance.app */;
			productType = "com.apple.product-type.application";
		};
		62B34E5A4E14545A4E0F28AB /* ClaudeGlanceTests */ = {
			isa = PBXNativeTarget;
			buildConfigurationList = 182FE756A400E5F4460938E4 /* Build configuration list for PBXNativeTarget "ClaudeGlanceTests" */;
			buildPhases = (
				750D535AFE736E6DF1013081 /* Sources */,
			);
			buildRules = (
			);
			dependencies = (
				32758DEE2DF5D88E12E3938E /* PBXTargetDependency */,
			);
			name = ClaudeGlanceTests;
			packageProductDependencies = (
			);
			productName = ClaudeGlanceTests;
			productReference = 902E74C4D3D8F218834C393B /* ClaudeGlanceTests.xctest */;
			productType = "com.apple.product-type.bundle.unit-test";
		};
/* End PBXNativeTarget section */

/* Begin PBXProject section */
		B0B4750CFDEAACDE9B95B2D3 /* Project object */ = {
			isa = PBXProject;
			attributes = {
				BuildIndependentTargetsInParallel = YES;
				LastUpgradeCheck = 1500;
				TargetAttributes = {
					3397CFAC27BB77A49A79863C = {
						DevelopmentTeam = "";
						ProvisioningStyle = Manual;
					};
					62B34E5A4E14545A4E0F28AB = {
						DevelopmentTeam = "";
						ProvisioningStyle = Manual;
					};
				};
			};
			buildConfigurationList = E94A70BA3F7483BB8BE1796C /* Build configuration list for PBXProject "ClaudeGlance" */;
			developmentRegion = en;
			hasScannedForEncodings = 0;
			knownRegions = (
				Base,
				en,
			);
			mainGroup = 13E29868DC093AB6E28537B0;
			minimizedProjectReferenceProxies = 1;
			preferredProjectObjectVersion = 77;
			productRefGroup = 09619C69D8C8BB8B24EF98E4 /* Products */;
			projectDirPath = "";
			projectRoot = "";
			targets = (
				3397CFAC27BB77A49A79863C /* ClaudeGlance */,
				62B34E5A4E14545A4E0F28AB /* ClaudeGlanceTests */,
			);
		};
/* End PBXProject section */

/* Begin PBXResourcesBuildPhase section */
		34848DE16B09545EF4C6FE61 /* Resources */ = {
			isa = PBXResourcesBuildPhase;
			buildActionMask = 2147483647;
			files = (
				D5901D4A120D88360A14272E /* AppIcon.icns in Resources */,
				A0A38307B0E52D5BAA352F5C /* Assets.xcassets in Resources */,
			);
			runOnlyForDeploymentPostprocessing = 0;
		};
/* End PBXResourcesBuildPhase section */

/* Begin PBXSourcesBuildPhase section */
		750D535AFE736E6DF1013081 /* Sources */ = {
			isa = PBXSourcesBuildPhase;
			buildActionMask = 2147483647;
			files = (
				641791CDCB279ABBC08D042E /* UsageServiceTests.swift in Sources */,
			);
			runOnlyForDeploymentPostprocessing = 0;
		};
		75AF6AFCD830423E6C1C7D2B /* Sources */ = {
			isa = PBXSourcesBuildPhase;
			buildActionMask = 2147483647;
			files = (
				6D214E56F105333C2AA79C24 /* AppDelegate.swift in Sources */,
				AE544F59981EFC7528DB706E /* BuildInfo.swift in Sources */,
				F228D6812CD9ABAA0B73B62A /* BurnRate.swift in Sources */,
				7DF83E170CC197AA3BF0BCC8 /* MenuBarIcon.swift in Sources */,
				0A5539902838346BC1CC4924 /* MetricsService.swift in Sources */,
				71DAB555D0B8F113180BEA2C /* SettingsManager.swift in Sources */,
				0396481B1D8F58F6985B5412 /* SettingsView.swift in Sources */,
				88B574542640CD9982279FE6 /* StatusService.swift in Sources */,
				382F373955DE9A5AC38ACC84 /* UsageData.swift in Sources */,
				D5C6822375FC7952CB358FC6 /* UsageService.swift in Sources */,
				89FFB0D3ED0AF618E8A94836 /* main.swift in Sources */,
			);
			runOnlyForDeploymentPostprocessing = 0;
		};
/* End PBXSourcesBuildPhase section */

/* Begin PBXTargetDependency section */
		32758DEE2DF5D88E12E3938E /* PBXTargetDependency */ = {
			isa = PBXTargetDependency;
			target = 3397CFAC27BB77A49A79863C /* ClaudeGlance */;
			targetProxy = 2F081D005E7B7538889981FC /* PBXContainerItemProxy */;
		};
/* End PBXTargetDependency section */

/* Begin XCBuildConfiguration section */
		70C0C4E9B3C436D92322AB1A /* Debug */ = {
			isa = XCBuildConfiguration;
			buildSettings = {
				ALWAYS_SEARCH_USER_PATHS = NO;
				CLANG_ANALYZER_NONNULL = YES;
				CLANG_ANALYZER_NUMBER_OBJECT_CONVERSION = YES_AGGRESSIVE;
				CLANG_CXX_LANGUAGE_STANDARD = "gnu++14";
				CLANG_CXX_LIBRARY = "libc++";
				CLANG_ENABLE_MODULES = YES;
				CLANG_ENABLE_OBJC_ARC = YES;
				CLANG_ENABLE_OBJC_WEAK = YES;
				CLANG_WARN_BLOCK_CAPTURE_AUTORELEASING = YES;
				CLANG_WARN_BOOL_CONVERSION = YES;
				CLANG_WARN_COMMA = YES;
				CLANG_WARN_CONSTANT_CONVERSION = YES;
				CLANG_WARN_DEPRECATED_OBJC_IMPLEMENTATIONS = YES;
				CLANG_WARN_DIRECT_OBJC_ISA_USAGE = YES_ERROR;
				CLANG_WARN_DOCUMENTATION_COMMENTS = YES;
				CLANG_WARN_EMPTY_BODY = YES;
				CLANG_WARN_ENUM_CONVERSION = YES;
				CLANG_WARN_INFINITE_RECURSION = YES;
				CLANG_WARN_INT_CONVERSION = YES;
				CLANG_WARN_NON_LITERAL_NULL_CONVERSION = YES;
				CLANG_WARN_OBJC_IMPLICIT_RETAIN_SELF = YES;
				CLANG_WARN_OBJC_LITERAL_CONVERSION = YES;
				CLANG_WARN_OBJC_ROOT_CLASS = YES_ERROR;
				CLANG_WARN_QUOTED_INCLUDE_IN_FRAMEWORK_HEADER = YES;
				CLANG_WARN_RANGE_LOOP_ANALYSIS = YES;
				CLANG_WARN_STRICT_PROTOTYPES = YES;
				CLANG_WARN_SUSPICIOUS_MOVE = YES;
				CLANG_WARN_UNGUARDED_AVAILABILITY = YES_AGGRESSIVE;
				CLANG_WARN_UNREACHABLE_CODE = YES;
				CLANG_WARN__DUPLICATE_METHOD_MATCH = YES;
				CODE_SIGN_IDENTITY = "-";
				CODE_SIGN_STYLE = Manual;
				COPY_PHASE_STRIP = NO;
				DEBUG_INFORMATION_FORMAT = dwarf;
				DEVELOPMENT_TEAM = "";
				ENABLE_STRICT_OBJC_MSGSEND = YES;
				ENABLE_TESTABILITY = YES;
				GCC_C_LANGUAGE_STANDARD = gnu11;
				GCC_DYNAMIC_NO_PIC = NO;
				GCC_NO_COMMON_BLOCKS = YES;
				GCC_OPTIMIZATION_LEVEL = 0;
				GCC_PREPROCESSOR_DEFINITIONS = (
					"$(inherited)",
					"DEBUG=1",
				);
				GCC_WARN_64_TO_32_BIT_CONVERSION = YES;
				GCC_WARN_ABOUT_RETURN_TYPE = YES_ERROR;
				GCC_WARN_UNDECLARED_SELECTOR = YES;
				GCC_WARN_UNINITIALIZED_AUTOS = YES_AGGRESSIVE;
				GCC_WARN_UNUSED_FUNCTION = YES;
				GCC_WARN_UNUSED_VARIABLE = YES;
				GIT_BRANCH = "";
				GIT_COMMIT = "";
				MACOSX_DEPLOYMENT_TARGET = 13.0;
				MARKETING_VERSION = 1.2.2;
				MTL_ENABLE_DEBUG_INFO = INCLUDE_SOURCE;
				MTL_FAST_MATH = YES;
				ONLY_ACTIVE_ARCH = YES;
				PRODUCT_NAME = "$(TARGET_NAME)";
				SDKROOT = macosx;
				SWIFT_ACTIVE_COMPILATION_CONDITIONS = DEBUG;
				SWIFT_OPTIMIZATION_LEVEL = "-Onone";
				SWIFT_VERSION = 5.9;
			};
			name = Debug;
		};
		8BFCB99B5EF60E21699801DA /* Release */ = {
			isa = XCBuildConfiguration;
			buildSettings = {
				ASSETCATALOG_COMPILER_APPICON_NAME = AppIcon;
				CODE_SIGN_ENTITLEMENTS = Resources/ClaudeGlance.entitlements;
				COMBINE_HIDPI_IMAGES = YES;
				INFOPLIST_FILE = Resources/Info.plist;
				LD_RUNPATH_SEARCH_PATHS = "$(inherited) @executable_path/../Frameworks";
				LSUIElement = YES;
				PRODUCT_BUNDLE_IDENTIFIER = io.github.broots144.ClaudeGlance;
				SDKROOT = macosx;
			};
			name = Release;
		};
		B47CFB31F63739F2EB022A23 /* Debug */ = {
			isa = XCBuildConfiguration;
			buildSettings = {
				BUNDLE_LOADER = "$(TEST_HOST)";
				COMBINE_HIDPI_IMAGES = YES;
				GENERATE_INFOPLIST_FILE = YES;
				LD_RUNPATH_SEARCH_PATHS = (
					"$(inherited)",
					"@executable_path/../Frameworks",
					"@loader_path/../Frameworks",
				);
				PRODUCT_BUNDLE_IDENTIFIER = io.github.broots144.ClaudeGlanceTests;
				SDKROOT = macosx;
				TEST_HOST = "$(BUILT_PRODUCTS_DIR)/ClaudeGlance.app/Contents/MacOS/ClaudeGlance";
			};
			name = Debug;
		};
		BEEDA5313D632CA57350C20F /* Debug */ = {
			isa = XCBuildConfiguration;
			buildSettings = {
				ASSETCATALOG_COMPILER_APPICON_NAME = AppIcon;
				CODE_SIGN_ENTITLEMENTS = Resources/ClaudeGlance.entitlements;
				COMBINE_HIDPI_IMAGES = YES;
				INFOPLIST_FILE = Resources/Info.plist;
				LD_RUNPATH_SEARCH_PATHS = "$(inherited) @executable_path/../Frameworks";
				LSUIElement = YES;
				PRODUCT_BUNDLE_IDENTIFIER = io.github.broots144.ClaudeGlance;
				SDKROOT = macosx;
			};
			name = Debug;
		};
		C3CCE280E083556A3FCB6E9C /* Release */ = {
			isa = XCBuildConfiguration;
			buildSettings = {
				BUNDLE_LOADER = "$(TEST_HOST)";
				COMBINE_HIDPI_IMAGES = YES;
				GENERATE_INFOPLIST_FILE = YES;
				LD_RUNPATH_SEARCH_PATHS = (
					"$(inherited)",
					"@executable_path/../Frameworks",
					"@loader_path/../Frameworks",
				);
				PRODUCT_BUNDLE_IDENTIFIER = io.github.broots144.ClaudeGlanceTests;
				SDKROOT = macosx;
				TEST_HOST = "$(BUILT_PRODUCTS_DIR)/ClaudeGlance.app/Contents/MacOS/ClaudeGlance";
			};
			name = Release;
		};
		C49C6A8D0AEB444E896234A8 /* Release */ = {
			isa = XCBuildConfiguration;
			buildSettings = {
				ALWAYS_SEARCH_USER_PATHS = NO;
				ARCHS = "x86_64 arm64";
				CLANG_ANALYZER_NONNULL = YES;
				CLANG_ANALYZER_NUMBER_OBJECT_CONVERSION = YES_AGGRESSIVE;
				CLANG_CXX_LANGUAGE_STANDARD = "gnu++14";
				CLANG_CXX_LIBRARY = "libc++";
				CLANG_ENABLE_MODULES = YES;
				CLANG_ENABLE_OBJC_ARC = YES;
				CLANG_ENABLE_OBJC_WEAK = YES;
				CLANG_WARN_BLOCK_CAPTURE_AUTORELEASING = YES;
				CLANG_WARN_BOOL_CONVERSION = YES;
				CLANG_WARN_COMMA = YES;
				CLANG_WARN_CONSTANT_CONVERSION = YES;
				CLANG_WARN_DEPRECATED_OBJC_IMPLEMENTATIONS = YES;
				CLANG_WARN_DIRECT_OBJC_ISA_USAGE = YES_ERROR;
				CLANG_WARN_DOCUMENTATION_COMMENTS = YES;
				CLANG_WARN_EMPTY_BODY = YES;
				CLANG_WARN_ENUM_CONVERSION = YES;
				CLANG_WARN_INFINITE_RECURSION = YES;
				CLANG_WARN_INT_CONVERSION = YES;
				CLANG_WARN_NON_LITERAL_NULL_CONVERSION = YES;
				CLANG_WARN_OBJC_IMPLICIT_RETAIN_SELF = YES;
				CLANG_WARN_OBJC_LITERAL_CONVERSION = YES;
				CLANG_WARN_OBJC_ROOT_CLASS = YES_ERROR;
				CLANG_WARN_QUOTED_INCLUDE_IN_FRAMEWORK_HEADER = YES;
				CLANG_WARN_RANGE_LOOP_ANALYSIS = YES;
				CLANG_WARN_STRICT_PROTOTYPES = YES;
				CLANG_WARN_SUSPICIOUS_MOVE = YES;
				CLANG_WARN_UNGUARDED_AVAILABILITY = YES_AGGRESSIVE;
				CLANG_WARN_UNREACHABLE_CODE = YES;
				CLANG_WARN__DUPLICATE_METHOD_MATCH = YES;
				CODE_SIGN_IDENTITY = "-";
				CODE_SIGN_STYLE = Manual;
				COPY_PHASE_STRIP = NO;
				DEBUG_INFORMATION_FORMAT = "dwarf-with-dsym";
				DEVELOPMENT_TEAM = "";
				ENABLE_NS_ASSERTIONS = NO;
				ENABLE_STRICT_OBJC_MSGSEND = YES;
				GCC_C_LANGUAGE_STANDARD = gnu11;
				GCC_NO_COMMON_BLOCKS = YES;
				GCC_WARN_64_TO_32_BIT_CONVERSION = YES;
				GCC_WARN_ABOUT_RETURN_TYPE = YES_ERROR;
				GCC_WARN_UNDECLARED_SELECTOR = YES;
				GCC_WARN_UNINITIALIZED_AUTOS = YES_AGGRESSIVE;
				GCC_WARN_UNUSED_FUNCTION = YES;
				GCC_WARN_UNUSED_VARIABLE = YES;
				GIT_BRANCH = "";
				GIT_COMMIT = "";
				MACOSX_DEPLOYMENT_TARGET = 13.0;
				MARKETING_VERSION = 1.2.2;
				MTL_ENABLE_DEBUG_INFO = NO;
				MTL_FAST_MATH = YES;
				ONLY_ACTIVE_ARCH = NO;
				PRODUCT_NAME = "$(TARGET_NAME)";
				SDKROOT = macosx;
				SWIFT_COMPILATION_MODE = wholemodule;
				SWIFT_OPTIMIZATION_LEVEL = "-O";
				SWIFT_VERSION = 5.9;
			};
			name = Release;
		};
/* End XCBuildConfiguration section */

/* Begin XCConfigurationList section */
		182FE756A400E5F4460938E4 /* Build configuration list for PBXNativeTarget "ClaudeGlanceTests" */ = {
			isa = XCConfigurationList;
			buildConfigurations = (
				B47CFB31F63739F2EB022A23 /* Debug */,
				C3CCE280E083556A3FCB6E9C /* Release */,
			);
			defaultConfigurationIsVisible = 0;
			defaultConfigurationName = Debug;
		};
		A084F81E0D6C19E8A800FEDF /* Build configuration list for PBXNativeTarget "ClaudeGlance" */ = {
			isa = XCConfigurationList;
			buildConfigurations = (
				BEEDA5313D632CA57350C20F /* Debug */,
				8BFCB99B5EF60E21699801DA /* Release */,
			);
			defaultConfigurationIsVisible = 0;
			defaultConfigurationName = Debug;
		};
		E94A70BA3F7483BB8BE1796C /* Build configuration list for PBXProject "ClaudeGlance" */ = {
			isa = XCConfigurationList;
			buildConfigurations = (
				70C0C4E9B3C436D92322AB1A /* Debug */,
				C49C6A8D0AEB444E896234A8 /* Release */,
			);
			defaultConfigurationIsVisible = 0;
			defaultConfigurationName = Debug;
		};
/* End XCConfigurationList section */
	};
	rootObject = B0B4750CFDEAACDE9B95B2D3 /* Project object */;
}
