// !$*UTF8*$!
{
	archiveVersion = 1;
	classes = {
	};
	objectVersion = 63;
	objects = {

/* Begin PBXBuildFile section */
		354CBABB4F867F1E95A9A01E /* UsageService.swift in Sources */ = {isa = PBXBuildFile; fileRef = DEE554A7DA6DDC77A08A3EEE /* UsageService.swift */; };
		477DC01AB2A27BF9535464A1 /* main.swift in Sources */ = {isa = PBXBuildFile; fileRef = 2AFD01138604C8622102594F /* main.swift */; };
		4B94CAD601C9365558A3A209 /* Assets.xcassets in Resources */ = {isa = PBXBuildFile; fileRef = C3BC14807EE08B3766D0A9C8 /* Assets.xcassets */; };
		59259AC8C5B89477A67D5A8D /* SettingsView.swift in Sources */ = {isa = PBXBuildFile; fileRef = B1107FB82A3A3C9FC04B4F35 /* SettingsView.swift */; };
		80E1131433C5BE35E6CF65E4 /* UsageData.swift in Sources */ = {isa = PBXBuildFile; fileRef = 32234A82B1C94CCB6F3763AE /* UsageData.swift */; };
		C33689B322FFA7525A92894A /* AppDelegate.swift in Sources */ = {isa = PBXBuildFile; fileRef = DE78D81A249AA2CBF9D9C9CB /* AppDelegate.swift */; };
		8BE40D94D0B928393E0FEA7A /* StatusService.swift in Sources */ = {isa = PBXBuildFile; fileRef = B0CF3AA910783A4B18F9C62A /* StatusService.swift */; };
		AEB4B8E36C508CF7AB3A991A /* MetricsService.swift in Sources */ = {isa = PBXBuildFile; fileRef = 04C84BCA5EC61D62BFFCCF75 /* MetricsService.swift */; };
		CA4C19637A5CD709F1C57EDA /* UsageServiceTests.swift in Sources */ = {isa = PBXBuildFile; fileRef = 8CF92A3018305AA026317454 /* UsageServiceTests.swift */; };
		F25EDEE38ABF1A0E15C849DC /* SettingsManager.swift in Sources */ = {isa = PBXBuildFile; fileRef = C024067E6D3F865AF198511C /* SettingsManager.swift */; };
		F6263675C12E1B942E3CD6AF /* Security.framework in Frameworks */ = {isa = PBXBuildFile; fileRef = DA6F91F4720B31FB4CA872B9 /* Security.framework */; };
/* End PBXBuildFile section */

/* Begin PBXContainerItemProxy section */
		847C84A179BDC312439C0895 /* PBXContainerItemProxy */ = {
			isa = PBXContainerItemProxy;
			containerPortal = 5A2E702777001D9C52EDE5EF /* Project object */;
			proxyType = 1;
			remoteGlobalIDString = B1D424FB04FF0960503B8D19;
			remoteInfo = ClaudeUsageSystray;
		};
/* End PBXContainerItemProxy section */

/* Begin PBXFileReference section */
		20995FA0F9EEA9F7D67A33F6 /* ClaudeUsageSystray.app */ = {isa = PBXFileReference; explicitFileType = wrapper.application; includeInIndex = 0; path = ClaudeUsageSystray.app; sourceTree = BUILT_PRODUCTS_DIR; };
		2AFD01138604C8622102594F /* main.swift */ = {isa = PBXFileReference; lastKnownFileType = sourcecode.swift; path = main.swift; sourceTree = "<group>"; };
		32234A82B1C94CCB6F3763AE /* UsageData.swift */ = {isa = PBXFileReference; lastKnownFileType = sourcecode.swift; path = UsageData.swift; sourceTree = "<group>"; };
		8CF92A3018305AA026317454 /* UsageServiceTests.swift */ = {isa = PBXFileReference; lastKnownFileType = sourcecode.swift; path = UsageServiceTests.swift; sourceTree = "<group>"; };
		971BD946FCB9D8A12AC5DA99 /* ClaudeUsageSystrayTests.xctest */ = {isa = PBXFileReference; explicitFileType = wrapper.cfbundle; includeInIndex = 0; path = ClaudeUsageSystrayTests.xctest; sourceTree = BUILT_PRODUCTS_DIR; };
		B1107FB82A3A3C9FC04B4F35 /* SettingsView.swift */ = {isa = PBXFileReference; lastKnownFileType = sourcecode.swift; path = SettingsView.swift; sourceTree = "<group>"; };
		C024067E6D3F865AF198511C /* SettingsManager.swift */ = {isa = PBXFileReference; lastKnownFileType = sourcecode.swift; path = SettingsManager.swift; sourceTree = "<group>"; };
		C3BC14807EE08B3766D0A9C8 /* Assets.xcassets */ = {isa = PBXFileReference; lastKnownFileType = folder.assetcatalog; path = Assets.xcassets; sourceTree = "<group>"; };
		D08767FD02695AFBE000669F /* ClaudeUsageSystray.entitlements */ = {isa = PBXFileReference; lastKnownFileType = text.plist.entitlements; path = ClaudeUsageSystray.entitlements; sourceTree = "<group>"; };
		DA6F91F4720B31FB4CA872B9 /* Security.framework */ = {isa = PBXFileReference; lastKnownFileType = wrapper.framework; name = Security.framework; path = System/Library/Frameworks/Security.framework; sourceTree = SDKROOT; };
		DE78D81A249AA2CBF9D9C9CB /* AppDelegate.swift */ = {isa = PBXFileReference; lastKnownFileType = sourcecode.swift; path = AppDelegate.swift; sourceTree = "<group>"; };
		B0CF3AA910783A4B18F9C62A /* StatusService.swift */ = {isa = PBXFileReference; lastKnownFileType = sourcecode.swift; path = StatusService.swift; sourceTree = "<group>"; };
		04C84BCA5EC61D62BFFCCF75 /* MetricsService.swift */ = {isa = PBXFileReference; lastKnownFileType = sourcecode.swift; path = MetricsService.swift; sourceTree = "<group>"; };
		DEE554A7DA6DDC77A08A3EEE /* UsageService.swift */ = {isa = PBXFileReference; lastKnownFileType = sourcecode.swift; path = UsageService.swift; sourceTree = "<group>"; };
		F35CDB3DFFFBEE4CE3F0D52E /* Info.plist */ = {isa = PBXFileReference; lastKnownFileType = text.plist; path = Info.plist; sourceTree = "<group>"; };
/* End PBXFileReference section */

/* Begin PBXFrameworksBuildPhase section */
		FF70D92719D6AF7A3060F7A9 /* Frameworks */ = {
			isa = PBXFrameworksBuildPhase;
			buildActionMask = 2147483647;
			files = (
				F6263675C12E1B942E3CD6AF /* Security.framework in Frameworks */,
			);
			runOnlyForDeploymentPostprocessing = 0;
		};
/* End PBXFrameworksBuildPhase section */

/* Begin PBXGroup section */
		135D60B6F5A860C527648D36 /* Frameworks */ = {
			isa = PBXGroup;
			children = (
				DA6F91F4720B31FB4CA872B9 /* Security.framework */,
			);
			name = Frameworks;
			sourceTree = "<group>";
		};
		1AF0CF7ED99100A4649F23C8 /* Resources */ = {
			isa = PBXGroup;
			children = (
				C3BC14807EE08B3766D0A9C8 /* Assets.xcassets */,
				D08767FD02695AFBE000669F /* ClaudeUsageSystray.entitlements */,
				F35CDB3DFFFBEE4CE3F0D52E /* Info.plist */,
			);
			path = Resources;
			sourceTree = "<group>";
		};
		77B3C9D5094F40C75DEF6774 = {
			isa = PBXGroup;
			children = (
				1AF0CF7ED99100A4649F23C8 /* Resources */,
				CCA61D9CECE9D34BEF37FEDA /* Sources */,
				AE3D7472958AF08383FEC913 /* Tests */,
				135D60B6F5A860C527648D36 /* Frameworks */,
				AA881A5A4FEF8FBF9B7F8DB4 /* Products */,
			);
			sourceTree = "<group>";
		};
		AA881A5A4FEF8FBF9B7F8DB4 /* Products */ = {
			isa = PBXGroup;
			children = (
				20995FA0F9EEA9F7D67A33F6 /* ClaudeUsageSystray.app */,
				971BD946FCB9D8A12AC5DA99 /* ClaudeUsageSystrayTests.xctest */,
			);
			name = Products;
			sourceTree = "<group>";
		};
		AE3D7472958AF08383FEC913 /* Tests */ = {
			isa = PBXGroup;
			children = (
				8CF92A3018305AA026317454 /* UsageServiceTests.swift */,
			);
			path = Tests;
			sourceTree = "<group>";
		};
		CCA61D9CECE9D34BEF37FEDA /* Sources */ = {
			isa = PBXGroup;
			children = (
				DE78D81A249AA2CBF9D9C9CB /* AppDelegate.swift */,
				B0CF3AA910783A4B18F9C62A /* StatusService.swift */,
				04C84BCA5EC61D62BFFCCF75 /* MetricsService.swift */,
				2AFD01138604C8622102594F /* main.swift */,
				C024067E6D3F865AF198511C /* SettingsManager.swift */,
				B1107FB82A3A3C9FC04B4F35 /* SettingsView.swift */,
				32234A82B1C94CCB6F3763AE /* UsageData.swift */,
				DEE554A7DA6DDC77A08A3EEE /* UsageService.swift */,
			);
			path = Sources;
			sourceTree = "<group>";
		};
/* End PBXGroup section */

/* Begin PBXNativeTarget section */
		B1D424FB04FF0960503B8D19 /* ClaudeUsageSystray */ = {
			isa = PBXNativeTarget;
			buildConfigurationList = 8B443B4830F2CE554D5F8254 /* Build configuration list for PBXNativeTarget "ClaudeUsageSystray" */;
			buildPhases = (
				8F96AD6E16BF1B98DD90826A /* Sources */,
				7F28E9AD36530FD142427778 /* Resources */,
				FF70D92719D6AF7A3060F7A9 /* Frameworks */,
			);
			buildRules = (
			);
			dependencies = (
			);
			name = ClaudeUsageSystray;
			packageProductDependencies = (
			);
			productName = ClaudeUsageSystray;
			productReference = 20995FA0F9EEA9F7D67A33F6 /* ClaudeUsageSystray.app */;
			productType = "com.apple.product-type.application";
		};
		C7A88CFB9EFB102A812B10AC /* ClaudeUsageSystrayTests */ = {
			isa = PBXNativeTarget;
			buildConfigurationList = 63175E5F0A914FC7CC1BAFD5 /* Build configuration list for PBXNativeTarget "ClaudeUsageSystrayTests" */;
			buildPhases = (
				876925DAD98ECDD5698C6ADD /* Sources */,
			);
			buildRules = (
			);
			dependencies = (
				BB912904FDBD0129836B055E /* PBXTargetDependency */,
			);
			name = ClaudeUsageSystrayTests;
			packageProductDependencies = (
			);
			productName = ClaudeUsageSystrayTests;
			productReference = 971BD946FCB9D8A12AC5DA99 /* ClaudeUsageSystrayTests.xctest */;
			productType = "com.apple.product-type.bundle.unit-test";
		};
/* End PBXNativeTarget section */

/* Begin PBXProject section */
		5A2E702777001D9C52EDE5EF /* Project object */ = {
			isa = PBXProject;
			attributes = {
				BuildIndependentTargetsInParallel = YES;
				LastUpgradeCheck = 1500;
				TargetAttributes = {
					C7A88CFB9EFB102A812B10AC = {
						DevelopmentTeam = "";
						ProvisioningStyle = Manual;
					};
				};
			};
			buildConfigurationList = 82F97C8352E3E45739645B76 /* Build configuration list for PBXProject "ClaudeUsageSystray" */;
			compatibilityVersion = "Xcode 14.0";
			developmentRegion = en;
			hasScannedForEncodings = 0;
			knownRegions = (
				Base,
				en,
			);
			mainGroup = 77B3C9D5094F40C75DEF6774;
			minimizedProjectReferenceProxies = 1;
			projectDirPath = "";
			projectRoot = "";
			targets = (
				B1D424FB04FF0960503B8D19 /* ClaudeUsageSystray */,
				C7A88CFB9EFB102A812B10AC /* ClaudeUsageSystrayTests */,
			);
		};
/* End PBXProject section */

/* Begin PBXResourcesBuildPhase section */
		7F28E9AD36530FD142427778 /* Resources */ = {
			isa = PBXResourcesBuildPhase;
			buildActionMask = 2147483647;
			files = (
				4B94CAD601C9365558A3A209 /* Assets.xcassets in Resources */,
			);
			runOnlyForDeploymentPostprocessing = 0;
		};
/* End PBXResourcesBuildPhase section */

/* Begin PBXSourcesBuildPhase section */
		876925DAD98ECDD5698C6ADD /* Sources */ = {
			isa = PBXSourcesBuildPhase;
			buildActionMask = 2147483647;
			files = (
				CA4C19637A5CD709F1C57EDA /* UsageServiceTests.swift in Sources */,
			);
			runOnlyForDeploymentPostprocessing = 0;
		};
		8F96AD6E16BF1B98DD90826A /* Sources */ = {
			isa = PBXSourcesBuildPhase;
			buildActionMask = 2147483647;
			files = (
				C33689B322FFA7525A92894A /* AppDelegate.swift in Sources */,
				8BE40D94D0B928393E0FEA7A /* StatusService.swift in Sources */,
				AEB4B8E36C508CF7AB3A991A /* MetricsService.swift in Sources */,
				F25EDEE38ABF1A0E15C849DC /* SettingsManager.swift in Sources */,
				59259AC8C5B89477A67D5A8D /* SettingsView.swift in Sources */,
				80E1131433C5BE35E6CF65E4 /* UsageData.swift in Sources */,
				354CBABB4F867F1E95A9A01E /* UsageService.swift in Sources */,
				477DC01AB2A27BF9535464A1 /* main.swift in Sources */,
			);
			runOnlyForDeploymentPostprocessing = 0;
		};
/* End PBXSourcesBuildPhase section */

/* Begin PBXTargetDependency section */
		BB912904FDBD0129836B055E /* PBXTargetDependency */ = {
			isa = PBXTargetDependency;
			target = B1D424FB04FF0960503B8D19 /* ClaudeUsageSystray */;
			targetProxy = 847C84A179BDC312439C0895 /* PBXContainerItemProxy */;
		};
/* End PBXTargetDependency section */

/* Begin XCBuildConfiguration section */
		1749A7EE90CF681A1D523F87 /* Debug */ = {
			isa = XCBuildConfiguration;
			buildSettings = {
				ALWAYS_SEARCH_USER_PATHS = NO;
				CLANG_ANALYZER_NONNULL = YES;
				CLANG_ANALYZER_NUMBER_OBJECT_CONVERSION = YES_AGGRESSIVE;
				CLANG_CXX_LANGUAGE_STANDARD = "gnu++14";
				CLANG_CXX_LIBRARY = "libc++";
				CLANG_ENABLE_MODULES = YES;
				CLANG_ENABLE_OBJC_ARC = YES;
				CLANG_ENABLE_OBJC_WEAK = YES;
				CLANG_WARN_BLOCK_CAPTURE_AUTORELEASING = YES;
				CLANG_WARN_BOOL_CONVERSION = YES;
				CLANG_WARN_COMMA = YES;
				CLANG_WARN_CONSTANT_CONVERSION = YES;
				CLANG_WARN_DEPRECATED_OBJC_IMPLEMENTATIONS = YES;
				CLANG_WARN_DIRECT_OBJC_ISA_USAGE = YES_ERROR;
				CLANG_WARN_DOCUMENTATION_COMMENTS = YES;
				CLANG_WARN_EMPTY_BODY = YES;
				CLANG_WARN_ENUM_CONVERSION = YES;
				CLANG_WARN_INFINITE_RECURSION = YES;
				CLANG_WARN_INT_CONVERSION = YES;
				CLANG_WARN_NON_LITERAL_NULL_CONVERSION = YES;
				CLANG_WARN_OBJC_IMPLICIT_RETAIN_SELF = YES;
				CLANG_WARN_OBJC_LITERAL_CONVERSION = YES;
				CLANG_WARN_OBJC_ROOT_CLASS = YES_ERROR;
				CLANG_WARN_QUOTED_INCLUDE_IN_FRAMEWORK_HEADER = YES;
				CLANG_WARN_RANGE_LOOP_ANALYSIS = YES;
				CLANG_WARN_STRICT_PROTOTYPES = YES;
				CLANG_WARN_SUSPICIOUS_MOVE = YES;
				CLANG_WARN_UNGUARDED_AVAILABILITY = YES_AGGRESSIVE;
				CLANG_WARN_UNREACHABLE_CODE = YES;
				CLANG_WARN__DUPLICATE_METHOD_MATCH = YES;
				CODE_SIGN_IDENTITY = "-";
				CODE_SIGN_STYLE = Manual;
				COPY_PHASE_STRIP = NO;
				DEBUG_INFORMATION_FORMAT = dwarf;
				DEVELOPMENT_TEAM = "";
				ENABLE_STRICT_OBJC_MSGSEND = YES;
				ENABLE_TESTABILITY = YES;
				GCC_C_LANGUAGE_STANDARD = gnu11;
				GCC_DYNAMIC_NO_PIC = NO;
				GCC_NO_COMMON_BLOCKS = YES;
				GCC_OPTIMIZATION_LEVEL = 0;
				GCC_PREPROCESSOR_DEFINITIONS = (
					"$(inherited)",
					"DEBUG=1",
				);
				GCC_WARN_64_TO_32_BIT_CONVERSION = YES;
				GCC_WARN_ABOUT_RETURN_TYPE = YES_ERROR;
				GCC_WARN_UNDECLARED_SELECTOR = YES;
				GCC_WARN_UNINITIALIZED_AUTOS = YES_AGGRESSIVE;
				GCC_WARN_UNUSED_FUNCTION = YES;
				GCC_WARN_UNUSED_VARIABLE = YES;
				MACOSX_DEPLOYMENT_TARGET = 13.0;
				MTL_ENABLE_DEBUG_INFO = INCLUDE_SOURCE;
				MTL_FAST_MATH = YES;
				ONLY_ACTIVE_ARCH = YES;
				PRODUCT_NAME = "$(TARGET_NAME)";
				SDKROOT = macosx;
				SWIFT_ACTIVE_COMPILATION_CONDITIONS = DEBUG;
				SWIFT_OPTIMIZATION_LEVEL = "-Onone";
				SWIFT_VERSION = 5.9;
			};
			name = Debug;
		};
		27D5F82C1BE32D45A859C57F /* Release */ = {
			isa = XCBuildConfiguration;
			buildSettings = {
				ASSETCATALOG_COMPILER_APPICON_NAME = AppIcon;
				CODE_SIGN_ENTITLEMENTS = Resources/ClaudeUsageSystray.entitlements;
				CODE_SIGN_IDENTITY = "Apple Development";
				CODE_SIGN_STYLE = Automatic;
				COMBINE_HIDPI_IMAGES = YES;
				CURRENT_PROJECT_VERSION = 1;
				DEVELOPMENT_TEAM = AHGFV6BL8B;
				ENABLE_HARDENED_RUNTIME = YES;
				INFOPLIST_FILE = Resources/Info.plist;
				INFOPLIST_KEY_CFBundleDisplayName = "Claude Usage Systray";
				INFOPLIST_KEY_LSApplicationCategoryType = "public.app-category.utilities";
				LD_RUNPATH_SEARCH_PATHS = (
					"$(inherited)",
					"@executable_path/../Frameworks",
				);
				LSUIElement = YES;
				MARKETING_VERSION = 1.1.2;
				PRODUCT_BUNDLE_IDENTIFIER = "com.adntgv.claude-usage-systray";
				PROVISIONING_PROFILE_SPECIFIER = "";
				SDKROOT = macosx;
			};
			name = Release;
		};
		2C21E9AFCD6EC2FA44CDEB1E /* Release */ = {
			isa = XCBuildConfiguration;
			buildSettings = {
				ALWAYS_SEARCH_USER_PATHS = NO;
				CLANG_ANALYZER_NONNULL = YES;
				CLANG_ANALYZER_NUMBER_OBJECT_CONVERSION = YES_AGGRESSIVE;
				CLANG_CXX_LANGUAGE_STANDARD = "gnu++14";
				CLANG_CXX_LIBRARY = "libc++";
				CLANG_ENABLE_MODULES = YES;
				CLANG_ENABLE_OBJC_ARC = YES;
				CLANG_ENABLE_OBJC_WEAK = YES;
				CLANG_WARN_BLOCK_CAPTURE_AUTORELEASING = YES;
				CLANG_WARN_BOOL_CONVERSION = YES;
				CLANG_WARN_COMMA = YES;
				CLANG_WARN_CONSTANT_CONVERSION = YES;
				CLANG_WARN_DEPRECATED_OBJC_IMPLEMENTATIONS = YES;
				CLANG_WARN_DIRECT_OBJC_ISA_USAGE = YES_ERROR;
				CLANG_WARN_DOCUMENTATION_COMMENTS = YES;
				CLANG_WARN_EMPTY_BODY = YES;
				CLANG_WARN_ENUM_CONVERSION = YES;
				CLANG_WARN_INFINITE_RECURSION = YES;
				CLANG_WARN_INT_CONVERSION = YES;
				CLANG_WARN_NON_LITERAL_NULL_CONVERSION = YES;
				CLANG_WARN_OBJC_IMPLICIT_RETAIN_SELF = YES;
				CLANG_WARN_OBJC_LITERAL_CONVERSION = YES;
				CLANG_WARN_OBJC_ROOT_CLASS = YES_ERROR;
				CLANG_WARN_QUOTED_INCLUDE_IN_FRAMEWORK_HEADER = YES;
				CLANG_WARN_RANGE_LOOP_ANALYSIS = YES;
				CLANG_WARN_STRICT_PROTOTYPES = YES;
				CLANG_WARN_SUSPICIOUS_MOVE = YES;
				CLANG_WARN_UNGUARDED_AVAILABILITY = YES_AGGRESSIVE;
				CLANG_WARN_UNREACHABLE_CODE = YES;
				CLANG_WARN__DUPLICATE_METHOD_MATCH = YES;
				CODE_SIGN_IDENTITY = "-";
				CODE_SIGN_STYLE = Manual;
				COPY_PHASE_STRIP = NO;
				ARCHS = "x86_64 arm64";
				DEBUG_INFORMATION_FORMAT = "dwarf-with-dsym";
				DEVELOPMENT_TEAM = "";
				ENABLE_NS_ASSERTIONS = NO;
				ENABLE_STRICT_OBJC_MSGSEND = YES;
				GCC_C_LANGUAGE_STANDARD = gnu11;
				GCC_NO_COMMON_BLOCKS = YES;
				GCC_WARN_64_TO_32_BIT_CONVERSION = YES;
				GCC_WARN_ABOUT_RETURN_TYPE = YES_ERROR;
				GCC_WARN_UNDECLARED_SELECTOR = YES;
				GCC_WARN_UNINITIALIZED_AUTOS = YES_AGGRESSIVE;
				GCC_WARN_UNUSED_FUNCTION = YES;
				GCC_WARN_UNUSED_VARIABLE = YES;
				MACOSX_DEPLOYMENT_TARGET = 13.0;
				MTL_ENABLE_DEBUG_INFO = NO;
				MTL_FAST_MATH = YES;
				ONLY_ACTIVE_ARCH = NO;
				PRODUCT_NAME = "$(TARGET_NAME)";
				SDKROOT = macosx;
				SWIFT_COMPILATION_MODE = wholemodule;
				SWIFT_OPTIMIZATION_LEVEL = "-O";
				SWIFT_VERSION = 5.9;
			};
			name = Release;
		};
		C9CD300088EB5EC9D7966C1C /* Debug */ = {
			isa = XCBuildConfiguration;
			buildSettings = {
				ASSETCATALOG_COMPILER_APPICON_NAME = AppIcon;
				CODE_SIGN_ENTITLEMENTS = Resources/ClaudeUsageSystray.entitlements;
				CODE_SIGN_IDENTITY = "Apple Development";
				CODE_SIGN_STYLE = Automatic;
				COMBINE_HIDPI_IMAGES = YES;
				CURRENT_PROJECT_VERSION = 1;
				DEVELOPMENT_TEAM = AHGFV6BL8B;
				INFOPLIST_FILE = Resources/Info.plist;
				INFOPLIST_KEY_CFBundleDisplayName = "Claude Usage Systray";
				INFOPLIST_KEY_LSApplicationCategoryType = "public.app-category.utilities";
				LD_RUNPATH_SEARCH_PATHS = (
					"$(inherited)",
					"@executable_path/../Frameworks",
				);
				LSUIElement = YES;
				MARKETING_VERSION = 1.1.2;
				PRODUCT_BUNDLE_IDENTIFIER = "com.adntgv.claude-usage-systray";
				PROVISIONING_PROFILE_SPECIFIER = "";
				SDKROOT = macosx;
			};
			name = Debug;
		};
		CF1E6078D90B6D3F9D1040EE /* Release */ = {
			isa = XCBuildConfiguration;
			buildSettings = {
				BUNDLE_LOADER = "$(TEST_HOST)";
				COMBINE_HIDPI_IMAGES = YES;
				GENERATE_INFOPLIST_FILE = YES;
				LD_RUNPATH_SEARCH_PATHS = (
					"$(inherited)",
					"@executable_path/../Frameworks",
					"@loader_path/../Frameworks",
				);
				PRODUCT_BUNDLE_IDENTIFIER = "com.claude.usage-systray-tests";
				SDKROOT = macosx;
				TEST_HOST = "$(BUILT_PRODUCTS_DIR)/ClaudeUsageSystray.app/Contents/MacOS/ClaudeUsageSystray";
			};
			name = Release;
		};
		EC5372C286381D84EEC1CE9C /* Debug */ = {
			isa = XCBuildConfiguration;
			buildSettings = {
				BUNDLE_LOADER = "$(TEST_HOST)";
				COMBINE_HIDPI_IMAGES = YES;
				GENERATE_INFOPLIST_FILE = YES;
				LD_RUNPATH_SEARCH_PATHS = (
					"$(inherited)",
					"@executable_path/../Frameworks",
					"@loader_path/../Frameworks",
				);
				PRODUCT_BUNDLE_IDENTIFIER = "com.claude.usage-systray-tests";
				SDKROOT = macosx;
				TEST_HOST = "$(BUILT_PRODUCTS_DIR)/ClaudeUsageSystray.app/Contents/MacOS/ClaudeUsageSystray";
			};
			name = Debug;
		};
/* End XCBuildConfiguration section */

/* Begin XCConfigurationList section */
		63175E5F0A914FC7CC1BAFD5 /* Build configuration list for PBXNativeTarget "ClaudeUsageSystrayTests" */ = {
			isa = XCConfigurationList;
			buildConfigurations = (
				EC5372C286381D84EEC1CE9C /* Debug */,
				CF1E6078D90B6D3F9D1040EE /* Release */,
			);
			defaultConfigurationIsVisible = 0;
			defaultConfigurationName = Debug;
		};
		82F97C8352E3E45739645B76 /* Build configuration list for PBXProject "ClaudeUsageSystray" */ = {
			isa = XCConfigurationList;
			buildConfigurations = (
				1749A7EE90CF681A1D523F87 /* Debug */,
				2C21E9AFCD6EC2FA44CDEB1E /* Release */,
			);
			defaultConfigurationIsVisible = 0;
			defaultConfigurationName = Debug;
		};
		8B443B4830F2CE554D5F8254 /* Build configuration list for PBXNativeTarget "ClaudeUsageSystray" */ = {
			isa = XCConfigurationList;
			buildConfigurations = (
				C9CD300088EB5EC9D7966C1C /* Debug */,
				27D5F82C1BE32D45A859C57F /* Release */,
			);
			defaultConfigurationIsVisible = 0;
			defaultConfigurationName = Debug;
		};
/* End XCConfigurationList section */
	};
	rootObject = 5A2E702777001D9C52EDE5EF /* Project object */;
}
